// !$*UTF8*$!
{
	archiveVersion = 1;
	classes = {
	};
	objectVersion = 77;
	objects = {

/* Begin PBXBuildFile section */
		3D43C3892F9B748F0032E90E /* Auth in Frameworks */ = {isa = PBXBuildFile; productRef = 3D43C3882F9B748F0032E90E /* Auth */; };
		3D43C38B2F9B748F0032E90E /* Functions in Frameworks */ = {isa = PBXBuildFile; productRef = 3D43C38A2F9B748F0032E90E /* Functions */; };
		3D43C38D2F9B748F0032E90E /* PostgREST in Frameworks */ = {isa = PBXBuildFile; productRef = 3D43C38C2F9B748F0032E90E /* PostgREST */; };
		3D43C38F2F9B748F0032E90E /* Realtime in Frameworks */ = {isa = PBXBuildFile; productRef = 3D43C38E2F9B748F0032E90E /* Realtime */; };
		3D43C3912F9B748F0032E90E /* Storage in Frameworks */ = {isa = PBXBuildFile; productRef = 3D43C3902F9B748F0032E90E /* Storage */; };
		3D43C3932F9B748F0032E90E /* Supabase in Frameworks */ = {isa = PBXBuildFile; productRef = 3D43C3922F9B748F0032E90E /* Supabase */; };
/* End PBXBuildFile section */

/* Begin PBXContainerItemProxy section */
		3DEA35362F9AE72200F341D7 /* PBXContainerItemProxy */ = {
			isa = PBXContainerItemProxy;
			containerPortal = 3DEA35202F9AE72000F341D7 /* Project object */;
			proxyType = 1;
			remoteGlobalIDString = 3DEA35272F9AE72000F341D7;
			remoteInfo = PetPals;
		};
		3DEA35402F9AE72200F341D7 /* PBXContainerItemProxy */ = {
			isa = PBXContainerItemProxy;
			containerPortal = 3DEA35202F9AE72000F341D7 /* Project object */;
			proxyType = 1;
			remoteGlobalIDString = 3DEA35272F9AE72000F341D7;
			remoteInfo = PetPals;
		};
/* End PBXContainerItemProxy section */

/* Begin PBXFileReference section */
		3DEA35282F9AE72000F341D7 /* PetPals.app */ = {isa = PBXFileReference; explicitFileType = wrapper.application; includeInIndex = 0; path = PetPals.app; sourceTree = BUILT_PRODUCTS_DIR; };
		3DEA35352F9AE72200F341D7 /* PetPalsTests.xctest */ = {isa = PBXFileReference; explicitFileType = wrapper.cfbundle; includeInIndex = 0; path = PetPalsTests.xctest; sourceTree = BUILT_PRODUCTS_DIR; };
		3DEA353F2F9AE72200F341D7 /* PetPalsUITests.xctest */ = {isa = PBXFileReference; explicitFileType = wrapper.cfbundle; includeInIndex = 0; path = PetPalsUITests.xctest; sourceTree = BUILT_PRODUCTS_DIR; };
/* End PBXFileReference section */

/* Begin PBXFileSystemSynchronizedRootGroup section */
		3DEA352A2F9AE72000F341D7 /* PetPals */ = {
			isa = PBXFileSystemSynchronizedRootGroup;
			path = PetPals;
			sourceTree = "<group>";
		};
		3DEA35382F9AE72200F341D7 /* PetPalsTests */ = {
			isa = PBXFileSystemSynchronizedRootGroup;
			path = PetPalsTests;
			sourceTree = "<group>";
		};
		3DEA35422F9AE72200F341D7 /* PetPalsUITests */ = {
			isa = PBXFileSystemSynchronizedRootGroup;
			path = PetPalsUITests;
			sourceTree = "<group>";
		};
/* End PBXFileSystemSynchronizedRootGroup section */

/* Begin PBXFrameworksBuildPhase section */
		3DEA35252F9AE72000F341D7 /* Frameworks */ = {
			isa = PBXFrameworksBuildPhase;
			buildActionMask = 2147483647;
			files = (
				3D43C38D2F9B748F0032E90E /* PostgREST in Frameworks */,
				3D43C38B2F9B748F0032E90E /* Functions in Frameworks */,
				3D43C3932F9B748F0032E90E /* Supabase in Frameworks */,
				3D43C3892F9B748F0032E90E /* Auth in Frameworks */,
				3D43C3912F9B748F0032E90E /* Storage in Frameworks */,
				3D43C38F2F9B748F0032E90E /* Realtime in Frameworks */,
			);
			runOnlyForDeploymentPostprocessing = 0;
		};
		3DEA35322F9AE72200F341D7 /* Frameworks */ = {
			isa = PBXFrameworksBuildPhase;
			buildActionMask = 2147483647;
			files = (
			);
			runOnlyForDeploymentPostprocessing = 0;
		};
		3DEA353C2F9AE72200F341D7 /* Frameworks */ = {
			isa = PBXFrameworksBuildPhase;
			buildActionMask = 2147483647;
			files = (
			);
			runOnlyForDeploymentPostprocessing = 0;
		};
/* End PBXFrameworksBuildPhase section */

/* Begin PBXGroup section */
		3DEA351F2F9AE72000F341D7 = {
			isa = PBXGroup;
			children = (
				3DEA352A2F9AE72000F341D7 /* PetPals */,
				3DEA35382F9AE72200F341D7 /* PetPalsTests */,
				3DEA35422F9AE72200F341D7 /* PetPalsUITests */,
				3DEA35292F9AE72000F341D7 /* Products */,
			);
			sourceTree = "<group>";
		};
		3DEA35292F9AE72000F341D7 /* Products */ = {
			isa = PBXGroup;
			children = (
				3DEA35282F9AE72000F341D7 /* PetPals.app */,
				3DEA35352F9AE72200F341D7 /* PetPalsTests.xctest */,
				3DEA353F2F9AE72200F341D7 /* PetPalsUITests.xctest */,
			);
			name = Products;
			sourceTree = "<group>";
		};
/* End PBXGroup section */

/* Begin PBXNativeTarget section */
		3DEA35272F9AE72000F341D7 /* PetPals */ = {
			isa = PBXNativeTarget;
			buildConfigurationList = 3DEA35492F9AE72200F341D7 /* Build configuration list for PBXNativeTarget "PetPals" */;
			buildPhases = (
				3DEA35242F9AE72000F341D7 /* Sources */,
				3DEA35252F9AE72000F341D7 /* Frameworks */,
				3DEA35262F9AE72000F341D7 /* Resources */,
			);
			buildRules = (
			);
			dependencies = (
			);
			fileSystemSynchronizedGroups = (
				3DEA352A2F9AE72000F341D7 /* PetPals */,
			);
			name = PetPals;
			packageProductDependencies = (
				3D43C3882F9B748F0032E90E /* Auth */,
				3D43C38A2F9B748F0032E90E /* Functions */,
				3D43C38C2F9B748F0032E90E /* PostgREST */,
				3D43C38E2F9B748F0032E90E /* Realtime */,
				3D43C3902F9B748F0032E90E /* Storage */,
				3D43C3922F9B748F0032E90E /* Supabase */,
			);
			productName = PetPals;
			productReference = 3DEA35282F9AE72000F341D7 /* PetPals.app */;
			productType = "com.apple.product-type.application";
		};
		3DEA35342F9AE72200F341D7 /* PetPalsTests */ = {
			isa = PBXNativeTarget;
			buildConfigurationList = 3DEA354C2F9AE72200F341D7 /* Build configuration list for PBXNativeTarget "PetPalsTests" */;
			buildPhases = (
				3DEA35312F9AE72200F341D7 /* Sources */,
				3DEA35322F9AE72200F341D7 /* Frameworks */,
				3DEA35332F9AE72200F341D7 /* Resources */,
			);
			buildRules = (
			);
			dependencies = (
				3DEA35372F9AE72200F341D7 /* PBXTargetDependency */,
			);
			fileSystemSynchronizedGroups = (
				3DEA35382F9AE72200F341D7 /* PetPalsTests */,
			);
			name = PetPalsTests;
			packageProductDependencies = (
			);
			productName = PetPalsTests;
			productReference = 3DEA35352F9AE72200F341D7 /* PetPalsTests.xctest */;
			productType = "com.apple.product-type.bundle.unit-test";
		};
		3DEA353E2F9AE72200F341D7 /* PetPalsUITests */ = {
			isa = PBXNativeTarget;
			buildConfigurationList = 3DEA354F2F9AE72200F341D7 /* Build configuration list for PBXNativeTarget "PetPalsUITests" */;
			buildPhases = (
				3DEA353B2F9AE72200F341D7 /* Sources */,
				3DEA353C2F9AE72200F341D7 /* Frameworks */,
				3DEA353D2F9AE72200F341D7 /* Resources */,
			);
			buildRules = (
			);
			dependencies = (
				3DEA35412F9AE72200F341D7 /* PBXTargetDependency */,
			);
			fileSystemSynchronizedGroups = (
				3DEA35422F9AE72200F341D7 /* PetPalsUITests */,
			);
			name = PetPalsUITests;
			packageProductDependencies = (
			);
			productName = PetPalsUITests;
			productReference = 3DEA353F2F9AE72200F341D7 /* PetPalsUITests.xctest */;
			productType = "com.apple.product-type.bundle.ui-testing";
		};
/* End PBXNativeTarget section */

/* Begin PBXProject section */
		3DEA35202F9AE72000F341D7 /* Project object */ = {
			isa = PBXProject;
			attributes = {
				BuildIndependentTargetsInParallel = 1;
				LastSwiftUpdateCheck = 2600;
				LastUpgradeCheck = 2600;
				TargetAttributes = {
					3DEA35272F9AE72000F341D7 = {
						CreatedOnToolsVersion = 26.0.1;
					};
					3DEA35342F9AE72200F341D7 = {
						CreatedOnToolsVersion = 26.0.1;
						TestTargetID = 3DEA35272F9AE72000F341D7;
					};
					3DEA353E2F9AE72200F341D7 = {
						CreatedOnToolsVersion = 26.0.1;
						TestTargetID = 3DEA35272F9AE72000F341D7;
					};
				};
			};
			buildConfigurationList = 3DEA35232F9AE72000F341D7 /* Build configuration list for PBXProject "PetPals" */;
			developmentRegion = en;
			hasScannedForEncodings = 0;
			knownRegions = (
				en,
				Base,
				ar,
			);
			mainGroup = 3DEA351F2F9AE72000F341D7;
			minimizedProjectReferenceProxies = 1;
			packageReferences = (
				3D43C3872F9B748F0032E90E /* XCRemoteSwiftPackageReference "supabase-swift" */,
			);
			preferredProjectObjectVersion = 77;
			productRefGroup = 3DEA35292F9AE72000F341D7 /* Products */;
			projectDirPath = "";
			projectRoot = "";
			targets = (
				3DEA35272F9AE72000F341D7 /* PetPals */,
				3DEA35342F9AE72200F341D7 /* PetPalsTests */,
				3DEA353E2F9AE72200F341D7 /* PetPalsUITests */,
			);
		};
/* End PBXProject section */

/* Begin PBXResourcesBuildPhase section */
		3DEA35262F9AE72000F341D7 /* Resources */ = {
			isa = PBXResourcesBuildPhase;
			buildActionMask = 2147483647;
			files = (
			);
			runOnlyForDeploymentPostprocessing = 0;
		};
		3DEA35332F9AE72200F341D7 /* Resources */ = {
			isa = PBXResourcesBuildPhase;
			buildActionMask = 2147483647;
			files = (
			);
			runOnlyForDeploymentPostprocessing = 0;
		};
		3DEA353D2F9AE72200F341D7 /* Resources */ = {
			isa = PBXResourcesBuildPhase;
			buildActionMask = 2147483647;
			files = (
			);
			runOnlyForDeploymentPostprocessing = 0;
		};
/* End PBXResourcesBuildPhase section */

/* Begin PBXSourcesBuildPhase section */
		3DEA35242F9AE72000F341D7 /* Sources */ = {
			isa = PBXSourcesBuildPhase;
			buildActionMask = 2147483647;
			files = (
			);
			runOnlyForDeploymentPostprocessing = 0;
		};
		3DEA35312F9AE72200F341D7 /* Sources */ = {
			isa = PBXSourcesBuildPhase;
			buildActionMask = 2147483647;
			files = (
			);
			runOnlyForDeploymentPostprocessing = 0;
		};
		3DEA353B2F9AE72200F341D7 /* Sources */ = {
			isa = PBXSourcesBuildPhase;
			buildActionMask = 2147483647;
			files = (
			);
			runOnlyForDeploymentPostprocessing = 0;
		};
/* End PBXSourcesBuildPhase section */

/* Begin PBXTargetDependency section */
		3DEA35372F9AE72200F341D7 /* PBXTargetDependency */ = {
			isa = PBXTargetDependency;
			target = 3DEA35272F9AE72000F341D7 /* PetPals */;
			targetProxy = 3DEA35362F9AE72200F341D7 /* PBXContainerItemProxy */;
		};
		3DEA35412F9AE72200F341D7 /* PBXTargetDependency */ = {
			isa = PBXTargetDependency;
			target = 3DEA35272F9AE72000F341D7 /* PetPals */;
			targetProxy = 3DEA35402F9AE72200F341D7 /* PBXContainerItemProxy */;
		};
/* End PBXTargetDependency section */

/* Begin XCBuildConfiguration section */
		3DEA35472F9AE72200F341D7 /* Debug */ = {
			isa = XCBuildConfiguration;
			buildSettings = {
				ALWAYS_SEARCH_USER_PATHS = NO;
				ASSETCATALOG_COMPILER_GENERATE_SWIFT_ASSET_SYMBOL_EXTENSIONS = YES;
				CLANG_ANALYZER_NONNULL = YES;
				CLANG_ANALYZER_NUMBER_OBJECT_CONVERSION = YES_AGGRESSIVE;
				CLANG_CXX_LANGUAGE_STANDARD = "gnu++20";
				CLANG_ENABLE_MODULES = YES;
				CLANG_ENABLE_OBJC_ARC = YES;
				CLANG_ENABLE_OBJC_WEAK = YES;
				CLANG_WARN_BLOCK_CAPTURE_AUTORELEASING = YES;
				CLANG_WARN_BOOL_CONVERSION = YES;
				CLANG_WARN_COMMA = YES;
				CLANG_WARN_CONSTANT_CONVERSION = YES;
				CLANG_WARN_DEPRECATED_OBJC_IMPLEMENTATIONS = YES;
				CLANG_WARN_DIRECT_OBJC_ISA_USAGE = YES_ERROR;
				CLANG_WARN_DOCUMENTATION_COMMENTS = YES;
				CLANG_WARN_EMPTY_BODY = YES;
				CLANG_WARN_ENUM_CONVERSION = YES;
				CLANG_WARN_INFINITE_RECURSION = YES;
				CLANG_WARN_INT_CONVERSION = YES;
				CLANG_WARN_NON_LITERAL_NULL_CONVERSION = YES;
				CLANG_WARN_OBJC_IMPLICIT_RETAIN_SELF = YES;
				CLANG_WARN_OBJC_LITERAL_CONVERSION = YES;
				CLANG_WARN_OBJC_ROOT_CLASS = YES_ERROR;
				CLANG_WARN_QUOTED_INCLUDE_IN_FRAMEWORK_HEADER = YES;
				CLANG_WARN_RANGE_LOOP_ANALYSIS = YES;
				CLANG_WARN_STRICT_PROTOTYPES = YES;
				CLANG_WARN_SUSPICIOUS_MOVE = YES;
				CLANG_WARN_UNGUARDED_AVAILABILITY = YES_AGGRESSIVE;
				CLANG_WARN_UNREACHABLE_CODE = YES;
				CLANG_WARN__DUPLICATE_METHOD_MATCH = YES;
				COPY_PHASE_STRIP = NO;
				DEBUG_INFORMATION_FORMAT = dwarf;
				DEVELOPMENT_TEAM = 6F3VN8R2K5;
				ENABLE_STRICT_OBJC_MSGSEND = YES;
				ENABLE_TESTABILITY = YES;
				ENABLE_USER_SCRIPT_SANDBOXING = YES;
				GCC_C_LANGUAGE_STANDARD = gnu17;
				GCC_DYNAMIC_NO_PIC = NO;
				GCC_NO_COMMON_BLOCKS = YES;
				GCC_OPTIMIZATION_LEVEL = 0;
				GCC_PREPROCESSOR_DEFINITIONS = (
					"DEBUG=1",
					"$(inherited)",
				);
				GCC_WARN_64_TO_32_BIT_CONVERSION = YES;
				GCC_WARN_ABOUT_RETURN_TYPE = YES_ERROR;
				GCC_WARN_UNDECLARED_SELECTOR = YES;
				GCC_WARN_UNINITIALIZED_AUTOS = YES_AGGRESSIVE;
				GCC_WARN_UNUSED_FUNCTION = YES;
				GCC_WARN_UNUSED_VARIABLE = YES;
				IPHONEOS_DEPLOYMENT_TARGET = 26.0;
				LOCALIZATION_PREFERS_STRING_CATALOGS = YES;
				MTL_ENABLE_DEBUG_INFO = INCLUDE_SOURCE;
				MTL_FAST_MATH = YES;
				ONLY_ACTIVE_ARCH = YES;
				SDKROOT = iphoneos;
				SWIFT_ACTIVE_COMPILATION_CONDITIONS = "DEBUG $(inherited)";
				SWIFT_OPTIMIZATION_LEVEL = "-Onone";
			};
			name = Debug;
		};
		3DEA35482F9AE72200F341D7 /* Release */ = {
			isa = XCBuildConfiguration;
			buildSettings = {
				ALWAYS_SEARCH_USER_PATHS = NO;
				ASSETCATALOG_COMPILER_GENERATE_SWIFT_ASSET_SYMBOL_EXTENSIONS = YES;
				CLANG_ANALYZER_NONNULL = YES;
				CLANG_ANALYZER_NUMBER_OBJECT_CONVERSION = YES_AGGRESSIVE;
				CLANG_CXX_LANGUAGE_STANDARD = "gnu++20";
				CLANG_ENABLE_MODULES = YES;
				CLANG_ENABLE_OBJC_ARC = YES;
				CLANG_ENABLE_OBJC_WEAK = YES;
				CLANG_WARN_BLOCK_CAPTURE_AUTORELEASING = YES;
				CLANG_WARN_BOOL_CONVERSION = YES;
				CLANG_WARN_COMMA = YES;
				CLANG_WARN_CONSTANT_CONVERSION = YES;
				CLANG_WARN_DEPRECATED_OBJC_IMPLEMENTATIONS = YES;
				CLANG_WARN_DIRECT_OBJC_ISA_USAGE = YES_ERROR;
				CLANG_WARN_DOCUMENTATION_COMMENTS = YES;
				CLANG_WARN_EMPTY_BODY = YES;
				CLANG_WARN_ENUM_CONVERSION = YES;
				CLANG_WARN_INFINITE_RECURSION = YES;
				CLANG_WARN_INT_CONVERSION = YES;
				CLANG_WARN_NON_LITERAL_NULL_CONVERSION = YES;
				CLANG_WARN_OBJC_IMPLICIT_RETAIN_SELF = YES;
				CLANG_WARN_OBJC_LITERAL_CONVERSION = YES;
				CLANG_WARN_OBJC_ROOT_CLASS = YES_ERROR;
				CLANG_WARN_QUOTED_INCLUDE_IN_FRAMEWORK_HEADER = YES;
				CLANG_WARN_RANGE_LOOP_ANALYSIS = YES;
				CLANG_WARN_STRICT_PROTOTYPES = YES;
				CLANG_WARN_SUSPICIOUS_MOVE = YES;
				CLANG_WARN_UNGUARDED_AVAILABILITY = YES_AGGRESSIVE;
				CLANG_WARN_UNREACHABLE_CODE = YES;
				CLANG_WARN__DUPLICATE_METHOD_MATCH = YES;
				COPY_PHASE_STRIP = NO;
				DEBUG_INFORMATION_FORMAT = "dwarf-with-dsym";
				DEVELOPMENT_TEAM = 6F3VN8R2K5;
				ENABLE_NS_ASSERTIONS = NO;
				ENABLE_STRICT_OBJC_MSGSEND = YES;
				ENABLE_USER_SCRIPT_SANDBOXING = YES;
				GCC_C_LANGUAGE_STANDARD = gnu17;
				GCC_NO_COMMON_BLOCKS = YES;
				GCC_WARN_64_TO_32_BIT_CONVERSION = YES;
				GCC_WARN_ABOUT_RETURN_TYPE = YES_ERROR;
				GCC_WARN_UNDECLARED_SELECTOR = YES;
				GCC_WARN_UNINITIALIZED_AUTOS = YES_AGGRESSIVE;
				GCC_WARN_UNUSED_FUNCTION = YES;
				GCC_WARN_UNUSED_VARIABLE = YES;
				IPHONEOS_DEPLOYMENT_TARGET = 26.0;
				LOCALIZATION_PREFERS_STRING_CATALOGS = YES;
				MTL_ENABLE_DEBUG_INFO = NO;
				MTL_FAST_MATH = YES;
				SDKROOT = iphoneos;
				SWIFT_COMPILATION_MODE = wholemodule;
				VALIDATE_PRODUCT = YES;
			};
			name = Release;
		};
		3DEA354A2F9AE72200F341D7 /* Debug */ = {
			isa = XCBuildConfiguration;
			buildSettings = {
				ASSETCATALOG_COMPILER_APPICON_NAME = AppIcon;
				ASSETCATALOG_COMPILER_GLOBAL_ACCENT_COLOR_NAME = AccentColor;
				CODE_SIGN_STYLE = Automatic;
				CURRENT_PROJECT_VERSION = 1;
				DEVELOPMENT_TEAM = 6F3VN8R2K5;
				ENABLE_PREVIEWS = YES;
				GENERATE_INFOPLIST_FILE = YES;
				INFOPLIST_FILE = Info.plist;
				INFOPLIST_KEY_GEMINI_API_KEY = "AIzaSyBk_LHjISdww-jIjhj27Kwbxr33vdZgU8g";
				INFOPLIST_KEY_NFCReaderUsageDescription = "PetPals needs NFC access to program your pet's smart collar.";
				INFOPLIST_KEY_NSBluetoothAlwaysUsageDescription = "PetPals requires Bluetooth access to connect to your pet's smart collar and track live biometric data.";
				INFOPLIST_KEY_NSLocationAlwaysAndWhenInUseUsageDescription = "We need your location to show nearby veterinarians, groomers, and pet shops.";
				INFOPLIST_KEY_NSLocationWhenInUseUsageDescription = "We need your location to show nearby veterinarians, groomers, and pet shops.";
				INFOPLIST_KEY_UIApplicationSceneManifest_Generation = YES;
				INFOPLIST_KEY_UIApplicationSupportsIndirectInputEvents = YES;
				INFOPLIST_KEY_UILaunchScreen_Generation = YES;
				INFOPLIST_KEY_UISupportedInterfaceOrientations_iPad = "UIInterfaceOrientationPortrait UIInterfaceOrientationPortraitUpsideDown UIInterfaceOrientationLandscapeLeft UIInterfaceOrientationLandscapeRight";
				INFOPLIST_KEY_UISupportedInterfaceOrientations_iPhone = "UIInterfaceOrientationPortrait UIInterfaceOrientationLandscapeLeft UIInterfaceOrientationLandscapeRight";
				LD_RUNPATH_SEARCH_PATHS = (
					"$(inherited)",
					"@executable_path/Frameworks",
				);
				MARKETING_VERSION = 1.0;
				PRODUCT_BUNDLE_IDENTIFIER = Ateeko.PetPals;
				PRODUCT_NAME = "$(TARGET_NAME)";
				STRING_CATALOG_GENERATE_SYMBOLS = YES;
				SWIFT_APPROACHABLE_CONCURRENCY = YES;
				SWIFT_DEFAULT_ACTOR_ISOLATION = MainActor;
				SWIFT_EMIT_LOC_STRINGS = YES;
				SWIFT_UPCOMING_FEATURE_MEMBER_IMPORT_VISIBILITY = YES;
				SWIFT_VERSION = 5.0;
				TARGETED_DEVICE_FAMILY = "1,2";
			};
			name = Debug;
		};
		3DEA354B2F9AE72200F341D7 /* Release */ = {
			isa = XCBuildConfiguration;
			buildSettings = {
				ASSETCATALOG_COMPILER_APPICON_NAME = AppIcon;
				ASSETCATALOG_COMPILER_GLOBAL_ACCENT_COLOR_NAME = AccentColor;
				CODE_SIGN_STYLE = Automatic;
				CURRENT_PROJECT_VERSION = 1;
				DEVELOPMENT_TEAM = 6F3VN8R2K5;
				ENABLE_PREVIEWS = YES;
				GENERATE_INFOPLIST_FILE = YES;
				INFOPLIST_FILE = Info.plist;
				INFOPLIST_KEY_NFCReaderUsageDescription = "PetPals needs NFC access to program your pet's smart collar.";
				INFOPLIST_KEY_NSBluetoothAlwaysUsageDescription = "PetPals requires Bluetooth access to connect to your pet's smart collar and track live biometric data.";
				INFOPLIST_KEY_NSLocationAlwaysAndWhenInUseUsageDescription = "We need your location to show nearby veterinarians, groomers, and pet shops.";
				INFOPLIST_KEY_NSLocationWhenInUseUsageDescription = "We need your location to show nearby veterinarians, groomers, and pet shops.";
				INFOPLIST_KEY_UIApplicationSceneManifest_Generation = YES;
				INFOPLIST_KEY_UIApplicationSupportsIndirectInputEvents = YES;
				INFOPLIST_KEY_UILaunchScreen_Generation = YES;
				INFOPLIST_KEY_UISupportedInterfaceOrientations_iPad = "UIInterfaceOrientationPortrait UIInterfaceOrientationPortraitUpsideDown UIInterfaceOrientationLandscapeLeft UIInterfaceOrientationLandscapeRight";
				INFOPLIST_KEY_UISupportedInterfaceOrientations_iPhone = "UIInterfaceOrientationPortrait UIInterfaceOrientationLandscapeLeft UIInterfaceOrientationLandscapeRight";
				LD_RUNPATH_SEARCH_PATHS = (
					"$(inherited)",
					"@executable_path/Frameworks",
				);
				MARKETING_VERSION = 1.0;
				PRODUCT_BUNDLE_IDENTIFIER = Ateeko.PetPals;
				PRODUCT_NAME = "$(TARGET_NAME)";
				STRING_CATALOG_GENERATE_SYMBOLS = YES;
				SWIFT_APPROACHABLE_CONCURRENCY = YES;
				SWIFT_DEFAULT_ACTOR_ISOLATION = MainActor;
				SWIFT_EMIT_LOC_STRINGS = YES;
				SWIFT_UPCOMING_FEATURE_MEMBER_IMPORT_VISIBILITY = YES;
				SWIFT_VERSION = 5.0;
				TARGETED_DEVICE_FAMILY = "1,2";
			};
			name = Release;
		};
		3DEA354D2F9AE72200F341D7 /* Debug */ = {
			isa = XCBuildConfiguration;
			buildSettings = {
				BUNDLE_LOADER = "$(TEST_HOST)";
				CODE_SIGN_STYLE = Automatic;
				CURRENT_PROJECT_VERSION = 1;
				DEVELOPMENT_TEAM = 6F3VN8R2K5;
				GENERATE_INFOPLIST_FILE = YES;
				IPHONEOS_DEPLOYMENT_TARGET = 26.0;
				MARKETING_VERSION = 1.0;
				PRODUCT_BUNDLE_IDENTIFIER = Ateeko.PetPalsTests;
				PRODUCT_NAME = "$(TARGET_NAME)";
				STRING_CATALOG_GENERATE_SYMBOLS = NO;
				SWIFT_APPROACHABLE_CONCURRENCY = YES;
				SWIFT_EMIT_LOC_STRINGS = NO;
				SWIFT_UPCOMING_FEATURE_MEMBER_IMPORT_VISIBILITY = YES;
				SWIFT_VERSION = 5.0;
				TARGETED_DEVICE_FAMILY = "1,2";
				TEST_HOST = "$(BUILT_PRODUCTS_DIR)/PetPals.app/$(BUNDLE_EXECUTABLE_FOLDER_PATH)/PetPals";
			};
			name = Debug;
		};
		3DEA354E2F9AE72200F341D7 /* Release */ = {
			isa = XCBuildConfiguration;
			buildSettings = {
				BUNDLE_LOADER = "$(TEST_HOST)";
				CODE_SIGN_STYLE = Automatic;
				CURRENT_PROJECT_VERSION = 1;
				DEVELOPMENT_TEAM = 6F3VN8R2K5;
				GENERATE_INFOPLIST_FILE = YES;
				IPHONEOS_DEPLOYMENT_TARGET = 26.0;
				MARKETING_VERSION = 1.0;
				PRODUCT_BUNDLE_IDENTIFIER = Ateeko.PetPalsTests;
				PRODUCT_NAME = "$(TARGET_NAME)";
				STRING_CATALOG_GENERATE_SYMBOLS = NO;
				SWIFT_APPROACHABLE_CONCURRENCY = YES;
				SWIFT_EMIT_LOC_STRINGS = NO;
				SWIFT_UPCOMING_FEATURE_MEMBER_IMPORT_VISIBILITY = YES;
				SWIFT_VERSION = 5.0;
				TARGETED_DEVICE_FAMILY = "1,2";
				TEST_HOST = "$(BUILT_PRODUCTS_DIR)/PetPals.app/$(BUNDLE_EXECUTABLE_FOLDER_PATH)/PetPals";
			};
			name = Release;
		};
		3DEA35502F9AE72200F341D7 /* Debug */ = {
			isa = XCBuildConfiguration;
			buildSettings = {
				CODE_SIGN_STYLE = Automatic;
				CURRENT_PROJECT_VERSION = 1;
				DEVELOPMENT_TEAM = 6F3VN8R2K5;
				GENERATE_INFOPLIST_FILE = YES;
				MARKETING_VERSION = 1.0;
				PRODUCT_BUNDLE_IDENTIFIER = Ateeko.PetPalsUITests;
				PRODUCT_NAME = "$(TARGET_NAME)";
				STRING_CATALOG_GENERATE_SYMBOLS = NO;
				SWIFT_APPROACHABLE_CONCURRENCY = YES;
				SWIFT_EMIT_LOC_STRINGS = NO;
				SWIFT_UPCOMING_FEATURE_MEMBER_IMPORT_VISIBILITY = YES;
				SWIFT_VERSION = 5.0;
				TARGETED_DEVICE_FAMILY = "1,2";
				TEST_TARGET_NAME = PetPals;
			};
			name = Debug;
		};
		3DEA35512F9AE72200F341D7 /* Release */ = {
			isa = XCBuildConfiguration;
			buildSettings = {
				CODE_SIGN_STYLE = Automatic;
				CURRENT_PROJECT_VERSION = 1;
				DEVELOPMENT_TEAM = 6F3VN8R2K5;
				GENERATE_INFOPLIST_FILE = YES;
				MARKETING_VERSION = 1.0;
				PRODUCT_BUNDLE_IDENTIFIER = Ateeko.PetPalsUITests;
				PRODUCT_NAME = "$(TARGET_NAME)";
				STRING_CATALOG_GENERATE_SYMBOLS = NO;
				SWIFT_APPROACHABLE_CONCURRENCY = YES;
				SWIFT_EMIT_LOC_STRINGS = NO;
				SWIFT_UPCOMING_FEATURE_MEMBER_IMPORT_VISIBILITY = YES;
				SWIFT_VERSION = 5.0;
				TARGETED_DEVICE_FAMILY = "1,2";
				TEST_TARGET_NAME = PetPals;
			};
			name = Release;
		};
/* End XCBuildConfiguration section */

/* Begin XCConfigurationList section */
		3DEA35232F9AE72000F341D7 /* Build configuration list for PBXProject "PetPals" */ = {
			isa = XCConfigurationList;
			buildConfigurations = (
				3DEA35472F9AE72200F341D7 /* Debug */,
				3DEA35482F9AE72200F341D7 /* Release */,
			);
			defaultConfigurationIsVisible = 0;
			defaultConfigurationName = Release;
		};
		3DEA35492F9AE72200F341D7 /* Build configuration list for PBXNativeTarget "PetPals" */ = {
			isa = XCConfigurationList;
			buildConfigurations = (
				3DEA354A2F9AE72200F341D7 /* Debug */,
				3DEA354B2F9AE72200F341D7 /* Release */,
			);
			defaultConfigurationIsVisible = 0;
			defaultConfigurationName = Release;
		};
		3DEA354C2F9AE72200F341D7 /* Build configuration list for PBXNativeTarget "PetPalsTests" */ = {
			isa = XCConfigurationList;
			buildConfigurations = (
				3DEA354D2F9AE72200F341D7 /* Debug */,
				3DEA354E2F9AE72200F341D7 /* Release */,
			);
			defaultConfigurationIsVisible = 0;
			defaultConfigurationName = Release;
		};
		3DEA354F2F9AE72200F341D7 /* Build configuration list for PBXNativeTarget "PetPalsUITests" */ = {
			isa = XCConfigurationList;
			buildConfigurations = (
				3DEA35502F9AE72200F341D7 /* Debug */,
				3DEA35512F9AE72200F341D7 /* Release */,
			);
			defaultConfigurationIsVisible = 0;
			defaultConfigurationName = Release;
		};
/* End XCConfigurationList section */

/* Begin XCRemoteSwiftPackageReference section */
		3D43C3872F9B748F0032E90E /* XCRemoteSwiftPackageReference "supabase-swift" */ = {
			isa = XCRemoteSwiftPackageReference;
			repositoryURL = "https://github.com/supabase/supabase-swift.git";
			requirement = {
				kind = upToNextMajorVersion;
				minimumVersion = 2.5.1;
			};
		};
/* End XCRemoteSwiftPackageReference section */

/* Begin XCSwiftPackageProductDependency section */
		3D43C3882F9B748F0032E90E /* Auth */ = {
			isa = XCSwiftPackageProductDependency;
			package = 3D43C3872F9B748F0032E90E /* XCRemoteSwiftPackageReference "supabase-swift" */;
			productName = Auth;
		};
		3D43C38A2F9B748F0032E90E /* Functions */ = {
			isa = XCSwiftPackageProductDependency;
			package = 3D43C3872F9B748F0032E90E /* XCRemoteSwiftPackageReference "supabase-swift" */;
			productName = Functions;
		};
		3D43C38C2F9B748F0032E90E /* PostgREST */ = {
			isa = XCSwiftPackageProductDependency;
			package = 3D43C3872F9B748F0032E90E /* XCRemoteSwiftPackageReference "supabase-swift" */;
			productName = PostgREST;
		};
		3D43C38E2F9B748F0032E90E /* Realtime */ = {
			isa = XCSwiftPackageProductDependency;
			package = 3D43C3872F9B748F0032E90E /* XCRemoteSwiftPackageReference "supabase-swift" */;
			productName = Realtime;
		};
		3D43C3902F9B748F0032E90E /* Storage */ = {
			isa = XCSwiftPackageProductDependency;
			package = 3D43C3872F9B748F0032E90E /* XCRemoteSwiftPackageReference "supabase-swift" */;
			productName = Storage;
		};
		3D43C3922F9B748F0032E90E /* Supabase */ = {
			isa = XCSwiftPackageProductDependency;
			package = 3D43C3872F9B748F0032E90E /* XCRemoteSwiftPackageReference "supabase-swift" */;
			productName = Supabase;
		};
/* End XCSwiftPackageProductDependency section */
	};
	rootObject = 3DEA35202F9AE72000F341D7 /* Project object */;
}
